Microsoft Visual Studio Solution File, Format Version 12.00
# Visual Studio Version 17
VisualStudioVersion = 17.13.35913.81
MinimumVisualStudioVersion = 10.0.40219.1
Project("{2150E333-8FDC-42A3-9474-1A3956D46DE8}") = "Bootstrapper", "Bootstrapper", "{02EA681E-C7D8-13C7-8484-4AC65E1B71E8}"
EndProject
Project("{2150E333-8FDC-42A3-9474-1A3956D46DE8}") = "Modules", "Modules", "{3916D730-3038-4D5D-9E93-B641DCCFD237}"
EndProject
Project("{2150E333-8FDC-42A3-9474-1A3956D46DE8}") = "Shared", "Shared", "{A4484D99-1CE4-4699-8A00-10F4F65746C9}"
EndProject
Project("{FAE04EC0-301F-11D3-BF4B-00C04F79EFBC}") = "Api", "Bootstrapper\Api\Api.csproj", "{53421F7C-8CAE-4209-ABBE-8937D4A58093}"
EndProject
Project("{2150E333-8FDC-42A3-9474-1A3956D46DE8}") = "Catalog", "Catalog", "{1EDAD02A-B691-46F1-A649-B6C5AFEA91A1}"
EndProject
Project("{FAE04EC0-301F-11D3-BF4B-00C04F79EFBC}") = "Catalog", "Modules\Catalog\Catalog\Catalog.csproj", "{76F94BC4-607D-4D5B-828E-335B93009F71}"
EndProject
Project("{FAE04EC0-301F-11D3-BF4B-00C04F79EFBC}") = "Shared", "Shared\Shared\Shared.csproj", "{5A6C8817-BE80-4D6E-AD81-862FE1E3C178}"
EndProject
Project("{FAE04EC0-301F-11D3-BF4B-00C04F79EFBC}") = "Shared.Contracts", "Shared\Shared.Contracts\Shared.Contracts.csproj", "{3E49BF17-0785-41A4-B978-80E8ADA09246}"
EndProject
Project("{FAE04EC0-301F-11D3-BF4B-00C04F79EFBC}") = "Shared.Messaging", "Shared\Shared.Messaging\Shared.Messaging.csproj", "{A3299EA3-90D7-F765-A6D3-BE88D7E52537}"
EndProject
Project("{FAE04EC0-301F-11D3-BF4B-00C04F79EFBC}") = "Catalog.Contracts", "Modules\Catalog\Catalog.Contracts\Catalog.Contracts.csproj", "{C67F03E1-5F8A-82FF-91D4-15BE1D3C1FB3}"
EndProject
Project("{2150E333-8FDC-42A3-9474-1A3956D46DE8}") = "Basket", "Basket", "{7EEF3B63-77FB-4F7A-BDE2-BF72FE9B389A}"
EndProject
Project("{FAE04EC0-301F-11D3-BF4B-00C04F79EFBC}") = "Basket", "Modules\Basket\Basket\Basket.csproj", "{104E5953-DD81-9616-13CE-C09E478BF9F9}"
EndProject
Project("{2150E333-8FDC-42A3-9474-1A3956D46DE8}") = "Ordering", "Ordering", "{055CE29C-29D2-4CB5-AF78-1184FA82A868}"
EndProject
Project("{FAE04EC0-301F-11D3-BF4B-00C04F79EFBC}") = "Ordering", "Modules\Ordering\Ordering\Ordering.csproj", "{D0339BBA-887A-3B4D-94BA-76C21C8266EB}"
EndProject
Project("{E53339B2-1760-4266-BCC7-CA923CBCF16C}") = "docker-compose", "docker-compose.dcproj", "{81DDED9D-158B-E303-5F62-77A2896D2A5A}"
EndProject
Project("{2150E333-8FDC-42A3-9474-1A3956D46DE8}") = "GeofenceMaster", "GeofenceMaster", "{464EF9AC-B3FE-442C-AC9A-1C99921E31B2}"
EndProject
Project("{FAE04EC0-301F-11D3-BF4B-00C04F79EFBC}") = "GeofenceMaster", "Modules\GeofenceMaster\GeofenceMaster\GeofenceMaster.csproj", "{10DA1811-45CA-4C98-A58E-90F1E1B3D06E}"
EndProject
Global
	GlobalSection(SolutionConfigurationPlatforms) = preSolution
		Debug|Any CPU = Debug|Any CPU
		Release|Any CPU = Release|Any CPU
	EndGlobalSection
	GlobalSection(ProjectConfigurationPlatforms) = postSolution
		{53421F7C-8CAE-4209-ABBE-8937D4A58093}.Debug|Any CPU.ActiveCfg = Debug|Any CPU
		{53421F7C-8CAE-4209-ABBE-8937D4A58093}.Debug|Any CPU.Build.0 = Debug|Any CPU
		{53421F7C-8CAE-4209-ABBE-8937D4A58093}.Release|Any CPU.ActiveCfg = Release|Any CPU
		{53421F7C-8CAE-4209-ABBE-8937D4A58093}.Release|Any CPU.Build.0 = Release|Any CPU
		{76F94BC4-607D-4D5B-828E-335B93009F71}.Debug|Any CPU.ActiveCfg = Debug|Any CPU
		{76F94BC4-607D-4D5B-828E-335B93009F71}.Debug|Any CPU.Build.0 = Debug|Any CPU
		{76F94BC4-607D-4D5B-828E-335B93009F71}.Release|Any CPU.ActiveCfg = Release|Any CPU
		{76F94BC4-607D-4D5B-828E-335B93009F71}.Release|Any CPU.Build.0 = Release|Any CPU
		{5A6C8817-BE80-4D6E-AD81-862FE1E3C178}.Debug|Any CPU.ActiveCfg = Debug|Any CPU
		{5A6C8817-BE80-4D6E-AD81-862FE1E3C178}.Debug|Any CPU.Build.0 = Debug|Any CPU
		{5A6C8817-BE80-4D6E-AD81-862FE1E3C178}.Release|Any CPU.ActiveCfg = Release|Any CPU
		{5A6C8817-BE80-4D6E-AD81-862FE1E3C178}.Release|Any CPU.Build.0 = Release|Any CPU
		{3E49BF17-0785-41A4-B978-80E8ADA09246}.Debug|Any CPU.ActiveCfg = Debug|Any CPU
		{3E49BF17-0785-41A4-B978-80E8ADA09246}.Debug|Any CPU.Build.0 = Debug|Any CPU
		{3E49BF17-0785-41A4-B978-80E8ADA09246}.Release|Any CPU.ActiveCfg = Release|Any CPU
		{3E49BF17-0785-41A4-B978-80E8ADA09246}.Release|Any CPU.Build.0 = Release|Any CPU
		{A3299EA3-90D7-F765-A6D3-BE88D7E52537}.Debug|Any CPU.ActiveCfg = Debug|Any CPU
		{A3299EA3-90D7-F765-A6D3-BE88D7E52537}.Debug|Any CPU.Build.0 = Debug|Any CPU
		{A3299EA3-90D7-F765-A6D3-BE88D7E52537}.Release|Any CPU.ActiveCfg = Release|Any CPU
		{A3299EA3-90D7-F765-A6D3-BE88D7E52537}.Release|Any CPU.Build.0 = Release|Any CPU
		{C67F03E1-5F8A-82FF-91D4-15BE1D3C1FB3}.Debug|Any CPU.ActiveCfg = Debug|Any CPU
		{C67F03E1-5F8A-82FF-91D4-15BE1D3C1FB3}.Debug|Any CPU.Build.0 = Debug|Any CPU
		{C67F03E1-5F8A-82FF-91D4-15BE1D3C1FB3}.Release|Any CPU.ActiveCfg = Release|Any CPU
		{C67F03E1-5F8A-82FF-91D4-15BE1D3C1FB3}.Release|Any CPU.Build.0 = Release|Any CPU
		{104E5953-DD81-9616-13CE-C09E478BF9F9}.Debug|Any CPU.ActiveCfg = Debug|Any CPU
		{104E5953-DD81-9616-13CE-C09E478BF9F9}.Debug|Any CPU.Build.0 = Debug|Any CPU
		{104E5953-DD81-9616-13CE-C09E478BF9F9}.Release|Any CPU.ActiveCfg = Release|Any CPU
		{104E5953-DD81-9616-13CE-C09E478BF9F9}.Release|Any CPU.Build.0 = Release|Any CPU
		{D0339BBA-887A-3B4D-94BA-76C21C8266EB}.Debug|Any CPU.ActiveCfg = Debug|Any CPU
		{D0339BBA-887A-3B4D-94BA-76C21C8266EB}.Debug|Any CPU.Build.0 = Debug|Any CPU
		{D0339BBA-887A-3B4D-94BA-76C21C8266EB}.Release|Any CPU.ActiveCfg = Release|Any CPU
		{D0339BBA-887A-3B4D-94BA-76C21C8266EB}.Release|Any CPU.Build.0 = Release|Any CPU
		{81DDED9D-158B-E303-5F62-77A2896D2A5A}.Debug|Any CPU.ActiveCfg = Debug|Any CPU
		{81DDED9D-158B-E303-5F62-77A2896D2A5A}.Debug|Any CPU.Build.0 = Debug|Any CPU
		{81DDED9D-158B-E303-5F62-77A2896D2A5A}.Release|Any CPU.ActiveCfg = Release|Any CPU
		{81DDED9D-158B-E303-5F62-77A2896D2A5A}.Release|Any CPU.Build.0 = Release|Any CPU
		{10DA1811-45CA-4C98-A58E-90F1E1B3D06E}.Debug|Any CPU.ActiveCfg = Debug|Any CPU
		{10DA1811-45CA-4C98-A58E-90F1E1B3D06E}.Debug|Any CPU.Build.0 = Debug|Any CPU
		{10DA1811-45CA-4C98-A58E-90F1E1B3D06E}.Release|Any CPU.ActiveCfg = Release|Any CPU
		{10DA1811-45CA-4C98-A58E-90F1E1B3D06E}.Release|Any CPU.Build.0 = Release|Any CPU
	EndGlobalSection
	GlobalSection(SolutionProperties) = preSolution
		HideSolutionNode = FALSE
	EndGlobalSection
	GlobalSection(NestedProjects) = preSolution
		{53421F7C-8CAE-4209-ABBE-8937D4A58093} = {02EA681E-C7D8-13C7-8484-4AC65E1B71E8}
		{1EDAD02A-B691-46F1-A649-B6C5AFEA91A1} = {3916D730-3038-4D5D-9E93-B641DCCFD237}
		{76F94BC4-607D-4D5B-828E-335B93009F71} = {1EDAD02A-B691-46F1-A649-B6C5AFEA91A1}
		{5A6C8817-BE80-4D6E-AD81-862FE1E3C178} = {A4484D99-1CE4-4699-8A00-10F4F65746C9}
		{3E49BF17-0785-41A4-B978-80E8ADA09246} = {A4484D99-1CE4-4699-8A00-10F4F65746C9}
		{A3299EA3-90D7-F765-A6D3-BE88D7E52537} = {A4484D99-1CE4-4699-8A00-10F4F65746C9}
		{C67F03E1-5F8A-82FF-91D4-15BE1D3C1FB3} = {1EDAD02A-B691-46F1-A649-B6C5AFEA91A1}
		{7EEF3B63-77FB-4F7A-BDE2-BF72FE9B389A} = {3916D730-3038-4D5D-9E93-B641DCCFD237}
		{104E5953-DD81-9616-13CE-C09E478BF9F9} = {7EEF3B63-77FB-4F7A-BDE2-BF72FE9B389A}
		{055CE29C-29D2-4CB5-AF78-1184FA82A868} = {3916D730-3038-4D5D-9E93-B641DCCFD237}
		{D0339BBA-887A-3B4D-94BA-76C21C8266EB} = {055CE29C-29D2-4CB5-AF78-1184FA82A868}
		{464EF9AC-B3FE-442C-AC9A-1C99921E31B2} = {3916D730-3038-4D5D-9E93-B641DCCFD237}
		{10DA1811-45CA-4C98-A58E-90F1E1B3D06E} = {464EF9AC-B3FE-442C-AC9A-1C99921E31B2}
	EndGlobalSection
	GlobalSection(ExtensibilityGlobals) = postSolution
		SolutionGuid = {C0434113-9DE9-4ACD-8670-440CFE2D323F}
	EndGlobalSection
EndGlobal
